
Microsoft Visual Studio Solution File, Format Version 12.00
# Visual Studio Version 17
VisualStudioVersion = 17.3.32901.215
MinimumVisualStudioVersion = 10.0.40219.1
Project("{9A19103F-16F7-4668-BE54-9A1E7A4F7556}") = "Day3", "Day3\Day3.csproj", "{74B97B0A-EA36-4415-BB62-EB386BD6D144}"
EndProject
Project("{9A19103F-16F7-4668-BE54-9A1E7A4F7556}") = "Day1", "Day1\Day1.csproj", "{87F6CB11-8413-4181-B750-4D2CF0DC3320}"
EndProject
Project("{9A19103F-16F7-4668-BE54-9A1E7A4F7556}") = "Day2", "Day2\Day2.csproj", "{BAA9942F-D6F8-4ED7-BCFF-A7780A1E29EC}"
EndProject
Project("{FAE04EC0-301F-11D3-BF4B-00C04F79EFBC}") = "Day4", "Day4\Day4.csproj", "{669AB819-9045-4EE1-A187-BEBA71140587}"
EndProject
Project("{FAE04EC0-301F-11D3-BF4B-00C04F79EFBC}") = "Day5", "Day5\Day5.csproj", "{0FF1AF47-BEF6-495B-B064-26237A0A5513}"
EndProject
Project("{FAE04EC0-301F-11D3-BF4B-00C04F79EFBC}") = "Day6", "Day6\Day6.csproj", "{51BCB628-DDAE-4EE0-B385-2BA2B0A1F153}"
EndProject
Global
	GlobalSection(SolutionConfigurationPlatforms) = preSolution
		Debug|Any CPU = Debug|Any CPU
		Release|Any CPU = Release|Any CPU
	EndGlobalSection
	GlobalSection(ProjectConfigurationPlatforms) = postSolution
		{74B97B0A-EA36-4415-BB62-EB386BD6D144}.Debug|Any CPU.ActiveCfg = Debug|Any CPU
		{74B97B0A-EA36-4415-BB62-EB386BD6D144}.Debug|Any CPU.Build.0 = Debug|Any CPU
		{74B97B0A-EA36-4415-BB62-EB386BD6D144}.Release|Any CPU.ActiveCfg = Release|Any CPU
		{74B97B0A-EA36-4415-BB62-EB386BD6D144}.Release|Any CPU.Build.0 = Release|Any CPU
		{87F6CB11-8413-4181-B750-4D2CF0DC3320}.Debug|Any CPU.ActiveCfg = Debug|Any CPU
		{87F6CB11-8413-4181-B750-4D2CF0DC3320}.Debug|Any CPU.Build.0 = Debug|Any CPU
		{87F6CB11-8413-4181-B750-4D2CF0DC3320}.Release|Any CPU.ActiveCfg = Release|Any CPU
		{87F6CB11-8413-4181-B750-4D2CF0DC3320}.Release|Any CPU.Build.0 = Release|Any CPU
		{BAA9942F-D6F8-4ED7-BCFF-A7780A1E29EC}.Debug|Any CPU.ActiveCfg = Debug|Any CPU
		{BAA9942F-D6F8-4ED7-BCFF-A7780A1E29EC}.Debug|Any CPU.Build.0 = Debug|Any CPU
		{BAA9942F-D6F8-4ED7-BCFF-A7780A1E29EC}.Release|Any CPU.ActiveCfg = Release|Any CPU
		{BAA9942F-D6F8-4ED7-BCFF-A7780A1E29EC}.Release|Any CPU.Build.0 = Release|Any CPU
		{669AB819-9045-4EE1-A187-BEBA71140587}.Debug|Any CPU.ActiveCfg = Debug|Any CPU
		{669AB819-9045-4EE1-A187-BEBA71140587}.Debug|Any CPU.Build.0 = Debug|Any CPU
		{669AB819-9045-4EE1-A187-BEBA71140587}.Release|Any CPU.ActiveCfg = Release|Any CPU
		{669AB819-9045-4EE1-A187-BEBA71140587}.Release|Any CPU.Build.0 = Release|Any CPU
		{0FF1AF47-BEF6-495B-B064-26237A0A5513}.Debug|Any CPU.ActiveCfg = Debug|Any CPU
		{0FF1AF47-BEF6-495B-B064-26237A0A5513}.Debug|Any CPU.Build.0 = Debug|Any CPU
		{0FF1AF47-BEF6-495B-B064-26237A0A5513}.Release|Any CPU.ActiveCfg = Release|Any CPU
		{0FF1AF47-BEF6-495B-B064-26237A0A5513}.Release|Any CPU.Build.0 = Release|Any CPU
		{51BCB628-DDAE-4EE0-B385-2BA2B0A1F153}.Debug|Any CPU.ActiveCfg = Debug|Any CPU
		{51BCB628-DDAE-4EE0-B385-2BA2B0A1F153}.Debug|Any CPU.Build.0 = Debug|Any CPU
		{51BCB628-DDAE-4EE0-B385-2BA2B0A1F153}.Release|Any CPU.ActiveCfg = Release|Any CPU
		{51BCB628-DDAE-4EE0-B385-2BA2B0A1F153}.Release|Any CPU.Build.0 = Release|Any CPU
	EndGlobalSection
	GlobalSection(SolutionProperties) = preSolution
		HideSolutionNode = FALSE
	EndGlobalSection
	GlobalSection(ExtensibilityGlobals) = postSolution
		SolutionGuid = {C6459B34-16AF-4CA5-87BC-B83E421C9648}
	EndGlobalSection
EndGlobal
